<Solution>
  <Folder Name="/src/">
    <Project Path="src/TechnoSurfaces.Domain/TechnoSurfaces.Domain.csproj" />
    <Project Path="src/TechnoSurfaces.Application/TechnoSurfaces.Application.csproj" />
    <Project Path="src/TechnoSurfaces.Infrastructure/TechnoSurfaces.Infrastructure.csproj" />
    <Project Path="TechnoSurfacesApp/TechnoSurfacesApp.csproj" />
  </Folder>
  <Folder Name="/tests/">
    <Project Path="tests/TechnoSurfaces.IntegrationTests/TechnoSurfaces.IntegrationTests.csproj" />
    <Project Path="tests/TechnoSurfaces.UnitTests/TechnoSurfaces.UnitTests.csproj" />
  </Folder>
</Solution>
